
Microsoft Visual Studio Solution File, Format Version 12.00
# Visual Studio 15
VisualStudioVersion = 15.0.28307.271
MinimumVisualStudioVersion = 10.0.40219.1
Project("{8BC9CEB8-8B4A-11D0-8D11-00A0C91BC942}") = "black_scholes_vanilla", "black_scholes_vanilla\black_scholes_vanilla.vcxproj", "{0E5578AD-2CAB-4CE6-A843-3DB2AE74F0D3}"
EndProject
Project("{8BC9CEB8-8B4A-11D0-8D11-00A0C91BC942}") = "black_scholes_monte_carlo", "black_scholes_monte_carlo\black_scholes_monte_carlo.vcxproj", "{B2BF54A4-0BE0-49BC-8D5A-DAE670FDE089}"
EndProject
Project("{8BC9CEB8-8B4A-11D0-8D11-00A0C91BC942}") = "asian_option_monte_carlo", "asian_option_monte_carlo\asian_option_monte_carlo.vcxproj", "{725109A2-E4E9-49AD-803C-4FF8BE7696E4}"
EndProject
Project("{8BC9CEB8-8B4A-11D0-8D11-00A0C91BC942}") = "european_option_pde_euler", "european_option_pde_euler\european_option_pde_euler.vcxproj", "{344E0D83-2756-4606-948D-2589765720D1}"
EndProject
Project("{8BC9CEB8-8B4A-11D0-8D11-00A0C91BC942}") = "random_number_generation", "random_number_generation\random_number_generation.vcxproj", "{E9CCCB31-9834-4FDD-B4A7-681053A680FA}"
EndProject
Project("{8BC9CEB8-8B4A-11D0-8D11-00A0C91BC942}") = "standard_normal_distribution", "standard_normal_distribution\standard_normal_distribution.vcxproj", "{4E90E52D-2A6C-4818-886F-5530C775334D}"
EndProject
Project("{8BC9CEB8-8B4A-11D0-8D11-00A0C91BC942}") = "bivariate_correlated_stand_norm_dist", "bivariate_correlated_stand_norm_dist\bivariate_correlated_stand_norm_dist.vcxproj", "{7BFC4164-5F52-49FB-B717-A528D63BCB8F}"
EndProject
Project("{8BC9CEB8-8B4A-11D0-8D11-00A0C91BC942}") = "european_option_heston_pde", "european_option_heston_pde\european_option_heston_pde.vcxproj", "{3DCF3C3C-AE1B-49AE-9E88-C4D3D8AF28FE}"
EndProject
Project("{8BC9CEB8-8B4A-11D0-8D11-00A0C91BC942}") = "digital_option_monte_carlo", "digital_option_monte_carlo\digital_option_monte_carlo.vcxproj", "{A3A9CFBC-20E1-40B8-9E43-9E467C73F506}"
EndProject
Project("{8BC9CEB8-8B4A-11D0-8D11-00A0C91BC942}") = "tridiagonal_matrix_algorithm", "tridiagonal_matrix_algorithm\tridiagonal_matrix_algorithm.vcxproj", "{DD68F64C-F6AA-4F58-9F66-541C3F4C7F1C}"
EndProject
Project("{8BC9CEB8-8B4A-11D0-8D11-00A0C91BC942}") = "european_option_pde_crank_nicolson", "european_option_pde_crank_nicolson\european_option_pde_crank_nicolson.vcxproj", "{0CB8B92F-9676-4B29-8109-93DA1BE51CA5}"
EndProject
Project("{8BC9CEB8-8B4A-11D0-8D11-00A0C91BC942}") = "european_option_pde_crank_nicolson_neumann", "european_option_pde_crank_nicolson_neumann\european_option_pde_crank_nicolson_neumann.vcxproj", "{36B9D24D-40EE-4114-A59E-A81BFEE25714}"
EndProject
Project("{8BC9CEB8-8B4A-11D0-8D11-00A0C91BC942}") = "american_option_binomial_tree", "american_option_binomial_tree\american_option_binomial_tree.vcxproj", "{4FACEAE8-ECB6-486D-9C1B-2C9D19AF572F}"
EndProject
Project("{8BC9CEB8-8B4A-11D0-8D11-00A0C91BC942}") = "interval_bisection_method", "interval_bisection_method\interval_bisection_method.vcxproj", "{15740AB7-07E1-4D31-AA66-111BEC4A97CD}"
EndProject
Global
	GlobalSection(SolutionConfigurationPlatforms) = preSolution
		Debug|x64 = Debug|x64
		Debug|x86 = Debug|x86
		Release|x64 = Release|x64
		Release|x86 = Release|x86
	EndGlobalSection
	GlobalSection(ProjectConfigurationPlatforms) = postSolution
		{0E5578AD-2CAB-4CE6-A843-3DB2AE74F0D3}.Debug|x64.ActiveCfg = Debug|x64
		{0E5578AD-2CAB-4CE6-A843-3DB2AE74F0D3}.Debug|x64.Build.0 = Debug|x64
		{0E5578AD-2CAB-4CE6-A843-3DB2AE74F0D3}.Debug|x86.ActiveCfg = Debug|Win32
		{0E5578AD-2CAB-4CE6-A843-3DB2AE74F0D3}.Debug|x86.Build.0 = Debug|Win32
		{0E5578AD-2CAB-4CE6-A843-3DB2AE74F0D3}.Release|x64.ActiveCfg = Release|x64
		{0E5578AD-2CAB-4CE6-A843-3DB2AE74F0D3}.Release|x64.Build.0 = Release|x64
		{0E5578AD-2CAB-4CE6-A843-3DB2AE74F0D3}.Release|x86.ActiveCfg = Release|Win32
		{0E5578AD-2CAB-4CE6-A843-3DB2AE74F0D3}.Release|x86.Build.0 = Release|Win32
		{B2BF54A4-0BE0-49BC-8D5A-DAE670FDE089}.Debug|x64.ActiveCfg = Debug|x64
		{B2BF54A4-0BE0-49BC-8D5A-DAE670FDE089}.Debug|x64.Build.0 = Debug|x64
		{B2BF54A4-0BE0-49BC-8D5A-DAE670FDE089}.Debug|x86.ActiveCfg = Debug|Win32
		{B2BF54A4-0BE0-49BC-8D5A-DAE670FDE089}.Debug|x86.Build.0 = Debug|Win32
		{B2BF54A4-0BE0-49BC-8D5A-DAE670FDE089}.Release|x64.ActiveCfg = Release|x64
		{B2BF54A4-0BE0-49BC-8D5A-DAE670FDE089}.Release|x64.Build.0 = Release|x64
		{B2BF54A4-0BE0-49BC-8D5A-DAE670FDE089}.Release|x86.ActiveCfg = Release|Win32
		{B2BF54A4-0BE0-49BC-8D5A-DAE670FDE089}.Release|x86.Build.0 = Release|Win32
		{725109A2-E4E9-49AD-803C-4FF8BE7696E4}.Debug|x64.ActiveCfg = Debug|x64
		{725109A2-E4E9-49AD-803C-4FF8BE7696E4}.Debug|x64.Build.0 = Debug|x64
		{725109A2-E4E9-49AD-803C-4FF8BE7696E4}.Debug|x86.ActiveCfg = Debug|Win32
		{725109A2-E4E9-49AD-803C-4FF8BE7696E4}.Debug|x86.Build.0 = Debug|Win32
		{725109A2-E4E9-49AD-803C-4FF8BE7696E4}.Release|x64.ActiveCfg = Release|x64
		{725109A2-E4E9-49AD-803C-4FF8BE7696E4}.Release|x64.Build.0 = Release|x64
		{725109A2-E4E9-49AD-803C-4FF8BE7696E4}.Release|x86.ActiveCfg = Release|Win32
		{725109A2-E4E9-49AD-803C-4FF8BE7696E4}.Release|x86.Build.0 = Release|Win32
		{344E0D83-2756-4606-948D-2589765720D1}.Debug|x64.ActiveCfg = Debug|x64
		{344E0D83-2756-4606-948D-2589765720D1}.Debug|x64.Build.0 = Debug|x64
		{344E0D83-2756-4606-948D-2589765720D1}.Debug|x86.ActiveCfg = Debug|Win32
		{344E0D83-2756-4606-948D-2589765720D1}.Debug|x86.Build.0 = Debug|Win32
		{344E0D83-2756-4606-948D-2589765720D1}.Release|x64.ActiveCfg = Release|x64
		{344E0D83-2756-4606-948D-2589765720D1}.Release|x64.Build.0 = Release|x64
		{344E0D83-2756-4606-948D-2589765720D1}.Release|x86.ActiveCfg = Release|Win32
		{344E0D83-2756-4606-948D-2589765720D1}.Release|x86.Build.0 = Release|Win32
		{E9CCCB31-9834-4FDD-B4A7-681053A680FA}.Debug|x64.ActiveCfg = Debug|x64
		{E9CCCB31-9834-4FDD-B4A7-681053A680FA}.Debug|x64.Build.0 = Debug|x64
		{E9CCCB31-9834-4FDD-B4A7-681053A680FA}.Debug|x86.ActiveCfg = Debug|Win32
		{E9CCCB31-9834-4FDD-B4A7-681053A680FA}.Debug|x86.Build.0 = Debug|Win32
		{E9CCCB31-9834-4FDD-B4A7-681053A680FA}.Release|x64.ActiveCfg = Release|x64
		{E9CCCB31-9834-4FDD-B4A7-681053A680FA}.Release|x64.Build.0 = Release|x64
		{E9CCCB31-9834-4FDD-B4A7-681053A680FA}.Release|x86.ActiveCfg = Release|Win32
		{E9CCCB31-9834-4FDD-B4A7-681053A680FA}.Release|x86.Build.0 = Release|Win32
		{4E90E52D-2A6C-4818-886F-5530C775334D}.Debug|x64.ActiveCfg = Debug|x64
		{4E90E52D-2A6C-4818-886F-5530C775334D}.Debug|x64.Build.0 = Debug|x64
		{4E90E52D-2A6C-4818-886F-5530C775334D}.Debug|x86.ActiveCfg = Debug|Win32
		{4E90E52D-2A6C-4818-886F-5530C775334D}.Debug|x86.Build.0 = Debug|Win32
		{4E90E52D-2A6C-4818-886F-5530C775334D}.Release|x64.ActiveCfg = Release|x64
		{4E90E52D-2A6C-4818-886F-5530C775334D}.Release|x64.Build.0 = Release|x64
		{4E90E52D-2A6C-4818-886F-5530C775334D}.Release|x86.ActiveCfg = Release|Win32
		{4E90E52D-2A6C-4818-886F-5530C775334D}.Release|x86.Build.0 = Release|Win32
		{7BFC4164-5F52-49FB-B717-A528D63BCB8F}.Debug|x64.ActiveCfg = Debug|x64
		{7BFC4164-5F52-49FB-B717-A528D63BCB8F}.Debug|x64.Build.0 = Debug|x64
		{7BFC4164-5F52-49FB-B717-A528D63BCB8F}.Debug|x86.ActiveCfg = Debug|Win32
		{7BFC4164-5F52-49FB-B717-A528D63BCB8F}.Debug|x86.Build.0 = Debug|Win32
		{7BFC4164-5F52-49FB-B717-A528D63BCB8F}.Release|x64.ActiveCfg = Release|x64
		{7BFC4164-5F52-49FB-B717-A528D63BCB8F}.Release|x64.Build.0 = Release|x64
		{7BFC4164-5F52-49FB-B717-A528D63BCB8F}.Release|x86.ActiveCfg = Release|Win32
		{7BFC4164-5F52-49FB-B717-A528D63BCB8F}.Release|x86.Build.0 = Release|Win32
		{3DCF3C3C-AE1B-49AE-9E88-C4D3D8AF28FE}.Debug|x64.ActiveCfg = Debug|x64
		{3DCF3C3C-AE1B-49AE-9E88-C4D3D8AF28FE}.Debug|x64.Build.0 = Debug|x64
		{3DCF3C3C-AE1B-49AE-9E88-C4D3D8AF28FE}.Debug|x86.ActiveCfg = Debug|Win32
		{3DCF3C3C-AE1B-49AE-9E88-C4D3D8AF28FE}.Debug|x86.Build.0 = Debug|Win32
		{3DCF3C3C-AE1B-49AE-9E88-C4D3D8AF28FE}.Release|x64.ActiveCfg = Release|x64
		{3DCF3C3C-AE1B-49AE-9E88-C4D3D8AF28FE}.Release|x64.Build.0 = Release|x64
		{3DCF3C3C-AE1B-49AE-9E88-C4D3D8AF28FE}.Release|x86.ActiveCfg = Release|Win32
		{3DCF3C3C-AE1B-49AE-9E88-C4D3D8AF28FE}.Release|x86.Build.0 = Release|Win32
		{A3A9CFBC-20E1-40B8-9E43-9E467C73F506}.Debug|x64.ActiveCfg = Debug|x64
		{A3A9CFBC-20E1-40B8-9E43-9E467C73F506}.Debug|x64.Build.0 = Debug|x64
		{A3A9CFBC-20E1-40B8-9E43-9E467C73F506}.Debug|x86.ActiveCfg = Debug|Win32
		{A3A9CFBC-20E1-40B8-9E43-9E467C73F506}.Debug|x86.Build.0 = Debug|Win32
		{A3A9CFBC-20E1-40B8-9E43-9E467C73F506}.Release|x64.ActiveCfg = Release|x64
		{A3A9CFBC-20E1-40B8-9E43-9E467C73F506}.Release|x64.Build.0 = Release|x64
		{A3A9CFBC-20E1-40B8-9E43-9E467C73F506}.Release|x86.ActiveCfg = Release|Win32
		{A3A9CFBC-20E1-40B8-9E43-9E467C73F506}.Release|x86.Build.0 = Release|Win32
		{DD68F64C-F6AA-4F58-9F66-541C3F4C7F1C}.Debug|x64.ActiveCfg = Debug|x64
		{DD68F64C-F6AA-4F58-9F66-541C3F4C7F1C}.Debug|x64.Build.0 = Debug|x64
		{DD68F64C-F6AA-4F58-9F66-541C3F4C7F1C}.Debug|x86.ActiveCfg = Debug|Win32
		{DD68F64C-F6AA-4F58-9F66-541C3F4C7F1C}.Debug|x86.Build.0 = Debug|Win32
		{DD68F64C-F6AA-4F58-9F66-541C3F4C7F1C}.Release|x64.ActiveCfg = Release|x64
		{DD68F64C-F6AA-4F58-9F66-541C3F4C7F1C}.Release|x64.Build.0 = Release|x64
		{DD68F64C-F6AA-4F58-9F66-541C3F4C7F1C}.Release|x86.ActiveCfg = Release|Win32
		{DD68F64C-F6AA-4F58-9F66-541C3F4C7F1C}.Release|x86.Build.0 = Release|Win32
		{0CB8B92F-9676-4B29-8109-93DA1BE51CA5}.Debug|x64.ActiveCfg = Debug|x64
		{0CB8B92F-9676-4B29-8109-93DA1BE51CA5}.Debug|x64.Build.0 = Debug|x64
		{0CB8B92F-9676-4B29-8109-93DA1BE51CA5}.Debug|x86.ActiveCfg = Debug|Win32
		{0CB8B92F-9676-4B29-8109-93DA1BE51CA5}.Debug|x86.Build.0 = Debug|Win32
		{0CB8B92F-9676-4B29-8109-93DA1BE51CA5}.Release|x64.ActiveCfg = Release|x64
		{0CB8B92F-9676-4B29-8109-93DA1BE51CA5}.Release|x64.Build.0 = Release|x64
		{0CB8B92F-9676-4B29-8109-93DA1BE51CA5}.Release|x86.ActiveCfg = Release|Win32
		{0CB8B92F-9676-4B29-8109-93DA1BE51CA5}.Release|x86.Build.0 = Release|Win32
		{36B9D24D-40EE-4114-A59E-A81BFEE25714}.Debug|x64.ActiveCfg = Debug|x64
		{36B9D24D-40EE-4114-A59E-A81BFEE25714}.Debug|x64.Build.0 = Debug|x64
		{36B9D24D-40EE-4114-A59E-A81BFEE25714}.Debug|x86.ActiveCfg = Debug|Win32
		{36B9D24D-40EE-4114-A59E-A81BFEE25714}.Debug|x86.Build.0 = Debug|Win32
		{36B9D24D-40EE-4114-A59E-A81BFEE25714}.Release|x64.ActiveCfg = Release|x64
		{36B9D24D-40EE-4114-A59E-A81BFEE25714}.Release|x64.Build.0 = Release|x64
		{36B9D24D-40EE-4114-A59E-A81BFEE25714}.Release|x86.ActiveCfg = Release|Win32
		{36B9D24D-40EE-4114-A59E-A81BFEE25714}.Release|x86.Build.0 = Release|Win32
		{4FACEAE8-ECB6-486D-9C1B-2C9D19AF572F}.Debug|x64.ActiveCfg = Debug|x64
		{4FACEAE8-ECB6-486D-9C1B-2C9D19AF572F}.Debug|x64.Build.0 = Debug|x64
		{4FACEAE8-ECB6-486D-9C1B-2C9D19AF572F}.Debug|x86.ActiveCfg = Debug|Win32
		{4FACEAE8-ECB6-486D-9C1B-2C9D19AF572F}.Debug|x86.Build.0 = Debug|Win32
		{4FACEAE8-ECB6-486D-9C1B-2C9D19AF572F}.Release|x64.ActiveCfg = Release|x64
		{4FACEAE8-ECB6-486D-9C1B-2C9D19AF572F}.Release|x64.Build.0 = Release|x64
		{4FACEAE8-ECB6-486D-9C1B-2C9D19AF572F}.Release|x86.ActiveCfg = Release|Win32
		{4FACEAE8-ECB6-486D-9C1B-2C9D19AF572F}.Release|x86.Build.0 = Release|Win32
		{15740AB7-07E1-4D31-AA66-111BEC4A97CD}.Debug|x64.ActiveCfg = Debug|x64
		{15740AB7-07E1-4D31-AA66-111BEC4A97CD}.Debug|x64.Build.0 = Debug|x64
		{15740AB7-07E1-4D31-AA66-111BEC4A97CD}.Debug|x86.ActiveCfg = Debug|Win32
		{15740AB7-07E1-4D31-AA66-111BEC4A97CD}.Debug|x86.Build.0 = Debug|Win32
		{15740AB7-07E1-4D31-AA66-111BEC4A97CD}.Release|x64.ActiveCfg = Release|x64
		{15740AB7-07E1-4D31-AA66-111BEC4A97CD}.Release|x64.Build.0 = Release|x64
		{15740AB7-07E1-4D31-AA66-111BEC4A97CD}.Release|x86.ActiveCfg = Release|Win32
		{15740AB7-07E1-4D31-AA66-111BEC4A97CD}.Release|x86.Build.0 = Release|Win32
	EndGlobalSection
	GlobalSection(SolutionProperties) = preSolution
		HideSolutionNode = FALSE
	EndGlobalSection
	GlobalSection(ExtensibilityGlobals) = postSolution
		SolutionGuid = {E9FB28EC-EBC9-4CE9-B32C-63BCAED873C9}
	EndGlobalSection
EndGlobal
